// !$*UTF8*$!
{
	archiveVersion = 1;
	classes = {
	};
	objectVersion = 56;
	objects = {

/* Begin PBXBuildFile section */
		8F2A3C5D1B2E4F7A90D3E6C1 /* LociApp.swift in Sources */ = {isa = PBXBuildFile; fileRef = 8F1A3C5D1B2E4F7A90D3E6C1 /* LociApp.swift */; };
		8F2A3C5D1B2E4F7A90D3E6C2 /* Assets.xcassets in Resources */ = {isa = PBXBuildFile; fileRef = 8F1A3C5D1B2E4F7A90D3E6C2 /* Assets.xcassets */; };
		8F2A4C5D1B2E4F7A90D3E6C1 /* LocusCategory.swift in Sources */ = {isa = PBXBuildFile; fileRef = 8F1A4C5D1B2E4F7A90D3E6C1 /* LocusCategory.swift */; };
		8F2A4C5D1B2E4F7A90D3E6C3 /* Locus.swift in Sources */ = {isa = PBXBuildFile; fileRef = 8F1A4C5D1B2E4F7A90D3E6C3 /* Locus.swift */; };
		8F2A4C5D1B2E4F7A90D3E6C4 /* Household.swift in Sources */ = {isa = PBXBuildFile; fileRef = 8F1A4C5D1B2E4F7A90D3E6C4 /* Household.swift */; };
		8F2A4C5D1B2E4F7A90D3E6C5 /* HouseholdMember.swift in Sources */ = {isa = PBXBuildFile; fileRef = 8F1A4C5D1B2E4F7A90D3E6C5 /* HouseholdMember.swift */; };
		8F2A4C5D1B2E4F7A90D3E6C6 /* UserProfile.swift in Sources */ = {isa = PBXBuildFile; fileRef = 8F1A4C5D1B2E4F7A90D3E6C6 /* UserProfile.swift */; };
		8F2A5C5D1B2E4F7A90D3E6C1 /* AppConstants.swift in Sources */ = {isa = PBXBuildFile; fileRef = 8F1A5C5D1B2E4F7A90D3E6C1 /* AppConstants.swift */; };
		8F2A5C5D1B2E4F7A90D3E6C2 /* Theme.swift in Sources */ = {isa = PBXBuildFile; fileRef = 8F1A5C5D1B2E4F7A90D3E6C2 /* Theme.swift */; };
		8F2A5C5D1B2E4F7A90D3E6C3 /* HaversineDistance.swift in Sources */ = {isa = PBXBuildFile; fileRef = 8F1A5C5D1B2E4F7A90D3E6C3 /* HaversineDistance.swift */; };
		8F2A5C5D1B2E4F7A90D3E6C4 /* ModelContainerConfiguration.swift in Sources */ = {isa = PBXBuildFile; fileRef = 8F1A5C5D1B2E4F7A90D3E6C4 /* ModelContainerConfiguration.swift */; };
		8F2A5C5D1B2E4F7A90D3E6C5 /* PreviewData.swift in Sources */ = {isa = PBXBuildFile; fileRef = 8F1A5C5D1B2E4F7A90D3E6C5 /* PreviewData.swift */; };
		8F2A6C5D1B2E4F7A90D3E6C1 /* LocationService.swift in Sources */ = {isa = PBXBuildFile; fileRef = 8F1A6C5D1B2E4F7A90D3E6C1 /* LocationService.swift */; };
		8F2A6C5D1B2E4F7A90D3E6C2 /* ReverseGeocodingService.swift in Sources */ = {isa = PBXBuildFile; fileRef = 8F1A6C5D1B2E4F7A90D3E6C2 /* ReverseGeocodingService.swift */; };
		8F2A6C5D1B2E4F7A90D3E6C3 /* AudioService.swift in Sources */ = {isa = PBXBuildFile; fileRef = 8F1A6C5D1B2E4F7A90D3E6C3 /* AudioService.swift */; };
/* End PBXBuildFile section */

/* Begin PBXFileReference section */
		8F0A3C5D1B2E4F7A90D3E6C4 /* Loci.app */ = {isa = PBXFileReference; explicitFileType = wrapper.application; includeInIndex = 0; path = Loci.app; sourceTree = BUILT_PRODUCTS_DIR; };
		8F1A3C5D1B2E4F7A90D3E6C1 /* LociApp.swift */ = {isa = PBXFileReference; lastKnownFileType = sourcecode.swift; path = LociApp.swift; sourceTree = "<group>"; };
		8F1A3C5D1B2E4F7A90D3E6C2 /* Assets.xcassets */ = {isa = PBXFileReference; lastKnownFileType = folder.assetcatalog; path = Assets.xcassets; sourceTree = "<group>"; };
		8F1A3C5D1B2E4F7A90D3E6C3 /* Info.plist */ = {isa = PBXFileReference; lastKnownFileType = text.plist.xml; path = Info.plist; sourceTree = "<group>"; };
		8F1A3C5D1B2E4F7A90D3E6C4 /* Loci.entitlements */ = {isa = PBXFileReference; lastKnownFileType = text.plist.entitlements; path = Loci.entitlements; sourceTree = "<group>"; };
		8F1A4C5D1B2E4F7A90D3E6C1 /* LocusCategory.swift */ = {isa = PBXFileReference; lastKnownFileType = sourcecode.swift; path = LocusCategory.swift; sourceTree = "<group>"; };
		8F1A4C5D1B2E4F7A90D3E6C3 /* Locus.swift */ = {isa = PBXFileReference; lastKnownFileType = sourcecode.swift; path = Locus.swift; sourceTree = "<group>"; };
		8F1A4C5D1B2E4F7A90D3E6C4 /* Household.swift */ = {isa = PBXFileReference; lastKnownFileType = sourcecode.swift; path = Household.swift; sourceTree = "<group>"; };
		8F1A4C5D1B2E4F7A90D3E6C5 /* HouseholdMember.swift */ = {isa = PBXFileReference; lastKnownFileType = sourcecode.swift; path = HouseholdMember.swift; sourceTree = "<group>"; };
		8F1A4C5D1B2E4F7A90D3E6C6 /* UserProfile.swift */ = {isa = PBXFileReference; lastKnownFileType = sourcecode.swift; path = UserProfile.swift; sourceTree = "<group>"; };
		8F1A5C5D1B2E4F7A90D3E6C1 /* AppConstants.swift */ = {isa = PBXFileReference; lastKnownFileType = sourcecode.swift; path = AppConstants.swift; sourceTree = "<group>"; };
		8F1A5C5D1B2E4F7A90D3E6C2 /* Theme.swift */ = {isa = PBXFileReference; lastKnownFileType = sourcecode.swift; path = Theme.swift; sourceTree = "<group>"; };
		8F1A5C5D1B2E4F7A90D3E6C3 /* HaversineDistance.swift */ = {isa = PBXFileReference; lastKnownFileType = sourcecode.swift; path = HaversineDistance.swift; sourceTree = "<group>"; };
		8F1A5C5D1B2E4F7A90D3E6C4 /* ModelContainerConfiguration.swift */ = {isa = PBXFileReference; lastKnownFileType = sourcecode.swift; path = ModelContainerConfiguration.swift; sourceTree = "<group>"; };
		8F1A5C5D1B2E4F7A90D3E6C5 /* PreviewData.swift */ = {isa = PBXFileReference; lastKnownFileType = sourcecode.swift; path = PreviewData.swift; sourceTree = "<group>"; };
		8F1A6C5D1B2E4F7A90D3E6C1 /* LocationService.swift */ = {isa = PBXFileReference; lastKnownFileType = sourcecode.swift; path = LocationService.swift; sourceTree = "<group>"; };
		8F1A6C5D1B2E4F7A90D3E6C2 /* ReverseGeocodingService.swift */ = {isa = PBXFileReference; lastKnownFileType = sourcecode.swift; path = ReverseGeocodingService.swift; sourceTree = "<group>"; };
		8F1A6C5D1B2E4F7A90D3E6C3 /* AudioService.swift */ = {isa = PBXFileReference; lastKnownFileType = sourcecode.swift; path = AudioService.swift; sourceTree = "<group>"; };
/* End PBXFileReference section */

/* Begin PBXFrameworksBuildPhase section */
		8F0A3C5D1B2E4F7A90D3E6C7 /* Frameworks */ = {
			isa = PBXFrameworksBuildPhase;
			buildActionMask = 2147483647;
			files = (
			);
			runOnlyForDeploymentPostprocessing = 0;
		};
/* End PBXFrameworksBuildPhase section */

/* Begin PBXGroup section */
		8F0A3C5D1B2E4F7A90D3E6C2 /* = root of project */ = {
			isa = PBXGroup;
			children = (
				8F1A3C5D1B2E4F7A90D3E6C1 /* LociApp.swift */,
				8F3A3C5D1B2E4F7A90D3E6C1 /* Models */,
				8F3A3C5D1B2E4F7A90D3E6C2 /* ViewModels */,
				8F3A3C5D1B2E4F7A90D3E6C3 /* Views */,
				8F3A3C5D1B2E4F7A90D3E6C4 /* Services */,
				8F3A3C5D1B2E4F7A90D3E6C5 /* Widget */,
				8F3A3C5D1B2E4F7A90D3E6C6 /* Utilities */,
				8F1A3C5D1B2E4F7A90D3E6C2 /* Assets.xcassets */,
				8F1A3C5D1B2E4F7A90D3E6C3 /* Info.plist */,
				8F1A3C5D1B2E4F7A90D3E6C4 /* Loci.entitlements */,
				8F0A3C5D1B2E4F7A90D3E6C3 /* Products */,
			);
			sourceTree = "<group>";
		};
		8F0A3C5D1B2E4F7A90D3E6C3 /* Products */ = {
			isa = PBXGroup;
			children = (
				8F0A3C5D1B2E4F7A90D3E6C4 /* Loci.app */,
			);
			name = Products;
			sourceTree = "<group>";
		};
		8F3A3C5D1B2E4F7A90D3E6C1 /* Models */ = {
			isa = PBXGroup;
			children = (
				8F1A4C5D1B2E4F7A90D3E6C3 /* Locus.swift */,
				8F1A4C5D1B2E4F7A90D3E6C1 /* LocusCategory.swift */,
				8F1A4C5D1B2E4F7A90D3E6C4 /* Household.swift */,
				8F1A4C5D1B2E4F7A90D3E6C5 /* HouseholdMember.swift */,
				8F1A4C5D1B2E4F7A90D3E6C6 /* UserProfile.swift */,
			);
			path = Models;
			sourceTree = "<group>";
		};
		8F3A3C5D1B2E4F7A90D3E6C2 /* ViewModels */ = {
			isa = PBXGroup;
			children = (
			);
			path = ViewModels;
			sourceTree = "<group>";
		};
		8F3A3C5D1B2E4F7A90D3E6C3 /* Views */ = {
			isa = PBXGroup;
			children = (
				8F3A3C5D1B2E4F7A90D3E6C7 /* MapView */,
				8F3A3C5D1B2E4F7A90D3E6C8 /* Record */,
				8F3A3C5D1B2E4F7A90D3E6C9 /* Detail */,
				8F3A3C5D1B2E4F7A90D3E6CA /* Onboarding */,
				8F3A3C5D1B2E4F7A90D3E6CB /* Settings */,
				8F3A3C5D1B2E4F7A90D3E6CC /* Components */,
			);
			path = Views;
			sourceTree = "<group>";
		};
		8F3A3C5D1B2E4F7A90D3E6C4 /* Services */ = {
			isa = PBXGroup;
			children = (
				8F1A6C5D1B2E4F7A90D3E6C3 /* AudioService.swift */,
				8F1A6C5D1B2E4F7A90D3E6C1 /* LocationService.swift */,
				8F1A6C5D1B2E4F7A90D3E6C2 /* ReverseGeocodingService.swift */,
			);
			path = Services;
			sourceTree = "<group>";
		};
		8F3A3C5D1B2E4F7A90D3E6C5 /* Widget */ = {
			isa = PBXGroup;
			children = (
			);
			path = Widget;
			sourceTree = "<group>";
		};
		8F3A3C5D1B2E4F7A90D3E6C6 /* Utilities */ = {
			isa = PBXGroup;
			children = (
				8F1A5C5D1B2E4F7A90D3E6C1 /* AppConstants.swift */,
				8F1A5C5D1B2E4F7A90D3E6C3 /* HaversineDistance.swift */,
				8F1A5C5D1B2E4F7A90D3E6C4 /* ModelContainerConfiguration.swift */,
				8F1A5C5D1B2E4F7A90D3E6C5 /* PreviewData.swift */,
				8F1A5C5D1B2E4F7A90D3E6C2 /* Theme.swift */,
			);
			path = Utilities;
			sourceTree = "<group>";
		};
		8F3A3C5D1B2E4F7A90D3E6C7 /* MapView */ = {
			isa = PBXGroup;
			children = (
			);
			path = MapView;
			sourceTree = "<group>";
		};
		8F3A3C5D1B2E4F7A90D3E6C8 /* Record */ = {
			isa = PBXGroup;
			children = (
			);
			path = Record;
			sourceTree = "<group>";
		};
		8F3A3C5D1B2E4F7A90D3E6C9 /* Detail */ = {
			isa = PBXGroup;
			children = (
			);
			path = Detail;
			sourceTree = "<group>";
		};
		8F3A3C5D1B2E4F7A90D3E6CA /* Onboarding */ = {
			isa = PBXGroup;
			children = (
			);
			path = Onboarding;
			sourceTree = "<group>";
		};
		8F3A3C5D1B2E4F7A90D3E6CB /* Settings */ = {
			isa = PBXGroup;
			children = (
			);
			path = Settings;
			sourceTree = "<group>";
		};
		8F3A3C5D1B2E4F7A90D3E6CC /* Components */ = {
			isa = PBXGroup;
			children = (
			);
			path = Components;
			sourceTree = "<group>";
		};
/* End PBXGroup section */

/* Begin PBXNativeTarget section */
		8F0A3C5D1B2E4F7A90D3E6C5 /* Loci */ = {
			isa = PBXNativeTarget;
			buildConfigurationList = 8F0A3C5D1B2E4F7A90D3E6CA /* Build configuration list for PBXNativeTarget "Loci" */;
			buildPhases = (
				8F0A3C5D1B2E4F7A90D3E6C6 /* Sources */,
				8F0A3C5D1B2E4F7A90D3E6C7 /* Frameworks */,
				8F0A3C5D1B2E4F7A90D3E6C8 /* Resources */,
			);
			buildRules = (
			);
			dependencies = (
			);
			name = Loci;
			productName = Loci;
			productReference = 8F0A3C5D1B2E4F7A90D3E6C4 /* Loci.app */;
			productType = "com.apple.product-type.application";
		};
/* End PBXNativeTarget section */

/* Begin PBXProject section */
		8F0A3C5D1B2E4F7A90D3E6C1 /* Project object */ = {
			isa = PBXProject;
			attributes = {
				BuildIndependentTargetsInParallel = 1;
				LastSwiftUpdateCheck = 1540;
				LastUpgradeCheck = 1540;
				TargetAttributes = {
					8F0A3C5D1B2E4F7A90D3E6C5 = {
						CreatedOnToolsVersion = 15.4;
					};
				};
			};
			buildConfigurationList = 8F0A3C5D1B2E4F7A90D3E6C9 /* Build configuration list for PBXProject "Loci" */;
			compatibilityVersion = "Xcode 14.0";
			developmentRegion = en;
			hasScannedForEncodings = 0;
			knownRegions = (
				en,
				Base,
			);
			mainGroup = 8F0A3C5D1B2E4F7A90D3E6C2;
			productRefGroup = 8F0A3C5D1B2E4F7A90D3E6C3 /* Products */;
			projectDirPath = "";
			projectRoot = "";
			targets = (
				8F0A3C5D1B2E4F7A90D3E6C5 /* Loci */,
			);
		};
/* End PBXProject section */

/* Begin PBXResourcesBuildPhase section */
		8F0A3C5D1B2E4F7A90D3E6C8 /* Resources */ = {
			isa = PBXResourcesBuildPhase;
			buildActionMask = 2147483647;
			files = (
				8F2A3C5D1B2E4F7A90D3E6C2 /* Assets.xcassets in Resources */,
			);
			runOnlyForDeploymentPostprocessing = 0;
		};
/* End PBXResourcesBuildPhase section */

/* Begin PBXSourcesBuildPhase section */
		8F0A3C5D1B2E4F7A90D3E6C6 /* Sources */ = {
			isa = PBXSourcesBuildPhase;
			buildActionMask = 2147483647;
			files = (
				8F2A3C5D1B2E4F7A90D3E6C1 /* LociApp.swift in Sources */,
				8F2A4C5D1B2E4F7A90D3E6C1 /* LocusCategory.swift in Sources */,
				8F2A4C5D1B2E4F7A90D3E6C3 /* Locus.swift in Sources */,
				8F2A4C5D1B2E4F7A90D3E6C4 /* Household.swift in Sources */,
				8F2A4C5D1B2E4F7A90D3E6C5 /* HouseholdMember.swift in Sources */,
				8F2A4C5D1B2E4F7A90D3E6C6 /* UserProfile.swift in Sources */,
				8F2A5C5D1B2E4F7A90D3E6C1 /* AppConstants.swift in Sources */,
				8F2A5C5D1B2E4F7A90D3E6C2 /* Theme.swift in Sources */,
				8F2A5C5D1B2E4F7A90D3E6C3 /* HaversineDistance.swift in Sources */,
				8F2A5C5D1B2E4F7A90D3E6C4 /* ModelContainerConfiguration.swift in Sources */,
				8F2A5C5D1B2E4F7A90D3E6C5 /* PreviewData.swift in Sources */,
				8F2A6C5D1B2E4F7A90D3E6C1 /* LocationService.swift in Sources */,
				8F2A6C5D1B2E4F7A90D3E6C2 /* ReverseGeocodingService.swift in Sources */,
				8F2A6C5D1B2E4F7A90D3E6C3 /* AudioService.swift in Sources */,
			);
			runOnlyForDeploymentPostprocessing = 0;
		};
/* End PBXSourcesBuildPhase section */

/* Begin XCBuildConfiguration section */
		8F0A3C5D1B2E4F7A90D3E6CB /* Debug */ = {
			isa = XCBuildConfiguration;
			buildSettings = {
				ALWAYS_SEARCH_USER_PATHS = NO;
				ASSETCATALOG_COMPILER_GENERATE_SWIFT_ASSET_SYMBOL_EXTENSIONS = YES;
				CLANG_ANALYZER_NONNULL = YES;
				CLANG_ANALYZER_NUMBER_OBJECT_CONVERSION = YES_AGGRESSIVE;
				CLANG_CXX_LANGUAGE_STANDARD = "gnu++20";
				CLANG_ENABLE_MODULES = YES;
				CLANG_ENABLE_OBJC_ARC = YES;
				CLANG_ENABLE_OBJC_WEAK = YES;
				CLANG_WARN_BLOCK_CAPTURE_AUTORELEASING = YES;
				CLANG_WARN_BOOL_CONVERSION = YES;
				CLANG_WARN_COMMA = YES;
				CLANG_WARN_CONSTANT_CONVERSION = YES;
				CLANG_WARN_DEPRECATED_OBJC_IMPLEMENTATIONS = YES;
				CLANG_WARN_DIRECT_OBJC_ISA_USAGE = YES_ERROR;
				CLANG_WARN_DOCUMENTATION_COMMENTS = YES;
				CLANG_WARN_EMPTY_BODY = YES;
				CLANG_WARN_ENUM_CONVERSION = YES;
				CLANG_WARN_INFINITE_RECURSION = YES;
				CLANG_WARN_INT_CONVERSION = YES;
				CLANG_WARN_NON_LITERAL_NULL_CONVERSION = YES;
				CLANG_WARN_OBJC_IMPLICIT_RETAIN_SELF = YES;
				CLANG_WARN_OBJC_LITERAL_CONVERSION = YES;
				CLANG_WARN_OBJC_ROOT_CLASS = YES_ERROR;
				CLANG_WARN_QUOTED_INCLUDE_IN_FRAMEWORK_HEADER = YES;
				CLANG_WARN_RANGE_LOOP_ANALYSIS = YES;
				CLANG_WARN_STRICT_PROTOTYPES = YES;
				CLANG_WARN_SUSPICIOUS_MOVE = YES;
				CLANG_WARN_UNGUARDED_AVAILABILITY = YES_AGGRESSIVE;
				CLANG_WARN_UNREACHABLE_CODE = YES;
				CLANG_WARN__DUPLICATE_METHOD_MATCH = YES;
				COPY_PHASE_STRIP = NO;
				DEBUG_INFORMATION_FORMAT = dwarf;
				ENABLE_STRICT_OBJC_MSGSEND = YES;
				ENABLE_TESTABILITY = YES;
				ENABLE_USER_SCRIPT_SANDBOXING = YES;
				GCC_C_LANGUAGE_STANDARD = gnu17;
				GCC_DYNAMIC_NO_PIC = NO;
				GCC_NO_COMMON_BLOCKS = YES;
				GCC_OPTIMIZATION_LEVEL = 0;
				GCC_PREPROCESSOR_DEFINITIONS = (
					"DEBUG=1",
					"$(inherited)",
				);
				GCC_WARN_64_TO_32_BIT_CONVERSION = YES;
				GCC_WARN_ABOUT_RETURN_TYPE = YES_ERROR;
				GCC_WARN_UNDECLARED_SELECTOR = YES;
				GCC_WARN_UNINITIALIZED_AUTOS = YES_AGGRESSIVE;
				GCC_WARN_UNUSED_FUNCTION = YES;
				GCC_WARN_UNUSED_VARIABLE = YES;
				IPHONEOS_DEPLOYMENT_TARGET = 17.0;
				LOCALIZATION_PREFERS_STRING_CATALOGS = YES;
				MTL_ENABLE_DEBUG_INFO = INCLUDE_SOURCE;
				MTL_FAST_MATH = YES;
				ONLY_ACTIVE_ARCH = YES;
				SDKROOT = iphoneos;
				SWIFT_ACTIVE_COMPILATION_CONDITIONS = "DEBUG $(inherited)";
				SWIFT_OPTIMIZATION_LEVEL = "-Onone";
			};
			name = Debug;
		};
		8F0A3C5D1B2E4F7A90D3E6CC /* Release */ = {
			isa = XCBuildConfiguration;
			buildSettings = {
				ALWAYS_SEARCH_USER_PATHS = NO;
				ASSETCATALOG_COMPILER_GENERATE_SWIFT_ASSET_SYMBOL_EXTENSIONS = YES;
				CLANG_ANALYZER_NONNULL = YES;
				CLANG_ANALYZER_NUMBER_OBJECT_CONVERSION = YES_AGGRESSIVE;
				CLANG_CXX_LANGUAGE_STANDARD = "gnu++20";
				CLANG_ENABLE_MODULES = YES;
				CLANG_ENABLE_OBJC_ARC = YES;
				CLANG_ENABLE_OBJC_WEAK = YES;
				CLANG_WARN_BLOCK_CAPTURE_AUTORELEASING = YES;
				CLANG_WARN_BOOL_CONVERSION = YES;
				CLANG_WARN_COMMA = YES;
				CLANG_WARN_CONSTANT_CONVERSION = YES;
				CLANG_WARN_DEPRECATED_OBJC_IMPLEMENTATIONS = YES;
				CLANG_WARN_DIRECT_OBJC_ISA_USAGE = YES_ERROR;
				CLANG_WARN_DOCUMENTATION_COMMENTS = YES;
				CLANG_WARN_EMPTY_BODY = YES;
				CLANG_WARN_ENUM_CONVERSION = YES;
				CLANG_WARN_INFINITE_RECURSION = YES;
				CLANG_WARN_INT_CONVERSION = YES;
				CLANG_WARN_NON_LITERAL_NULL_CONVERSION = YES;
				CLANG_WARN_OBJC_IMPLICIT_RETAIN_SELF = YES;
				CLANG_WARN_OBJC_LITERAL_CONVERSION = YES;
				CLANG_WARN_OBJC_ROOT_CLASS = YES_ERROR;
				CLANG_WARN_QUOTED_INCLUDE_IN_FRAMEWORK_HEADER = YES;
				CLANG_WARN_RANGE_LOOP_ANALYSIS = YES;
				CLANG_WARN_STRICT_PROTOTYPES = YES;
				CLANG_WARN_SUSPICIOUS_MOVE = YES;
				CLANG_WARN_UNGUARDED_AVAILABILITY = YES_AGGRESSIVE;
				CLANG_WARN_UNREACHABLE_CODE = YES;
				CLANG_WARN__DUPLICATE_METHOD_MATCH = YES;
				COPY_PHASE_STRIP = NO;
				DEBUG_INFORMATION_FORMAT = "dwarf-with-dsym";
				ENABLE_NS_ASSERTIONS = NO;
				ENABLE_STRICT_OBJC_MSGSEND = YES;
				ENABLE_USER_SCRIPT_SANDBOXING = YES;
				GCC_C_LANGUAGE_STANDARD = gnu17;
				GCC_NO_COMMON_BLOCKS = YES;
				GCC_WARN_64_TO_32_BIT_CONVERSION = YES;
				GCC_WARN_ABOUT_RETURN_TYPE = YES_ERROR;
				GCC_WARN_UNDECLARED_SELECTOR = YES;
				GCC_WARN_UNINITIALIZED_AUTOS = YES_AGGRESSIVE;
				GCC_WARN_UNUSED_FUNCTION = YES;
				GCC_WARN_UNUSED_VARIABLE = YES;
				IPHONEOS_DEPLOYMENT_TARGET = 17.0;
				LOCALIZATION_PREFERS_STRING_CATALOGS = YES;
				MTL_FAST_MATH = YES;
				SDKROOT = iphoneos;
				SWIFT_COMPILATION_MODE = wholemodule;
				VALIDATE_PRODUCT = YES;
			};
			name = Release;
		};
		8F0A3C5D1B2E4F7A90D3E6CD /* Debug */ = {
			isa = XCBuildConfiguration;
			buildSettings = {
				ASSETCATALOG_COMPILER_APPICON_NAME = AppIcon;
				ASSETCATALOG_COMPILER_GLOBAL_ACCENT_COLOR_NAME = AccentColor;
				CODE_SIGN_ENTITLEMENTS = Loci.entitlements;
				CODE_SIGN_STYLE = Automatic;
				CURRENT_PROJECT_VERSION = 1;
				DEVELOPMENT_TEAM = "";
				ENABLE_PREVIEWS = YES;
				GENERATE_INFOPLIST_FILE = YES;
				INFOPLIST_FILE = Info.plist;
				INFOPLIST_KEY_CFBundleDisplayName = Loci;
				INFOPLIST_KEY_LSApplicationCategoryType = "public.app-category.lifestyle";
				INFOPLIST_KEY_UIApplicationSceneManifest_Generation = YES;
				INFOPLIST_KEY_UIApplicationSupportsIndirectInputEvents = YES;
				INFOPLIST_KEY_UILaunchScreen_Generation = YES;
				INFOPLIST_KEY_UISupportedInterfaceOrientations_iPad = "UIInterfaceOrientationPortrait UIInterfaceOrientationPortraitUpsideDown UIInterfaceOrientationLandscapeLeft UIInterfaceOrientationLandscapeRight";
				INFOPLIST_KEY_UISupportedInterfaceOrientations_iPhone = "UIInterfaceOrientationPortrait UIInterfaceOrientationLandscapeLeft UIInterfaceOrientationLandscapeRight";
				LD_RUNPATH_SEARCH_PATHS = (
					"$(inherited)",
					"@executable_path/Frameworks",
				);
				MARKETING_VERSION = 1.0;
				PRODUCT_BUNDLE_IDENTIFIER = com.pearsonmedia.loci;
				PRODUCT_NAME = "$(TARGET_NAME)";
				SUPPORTED_PLATFORMS = "iphoneos iphonesimulator";
				SUPPORTS_MACCATALYST = NO;
				SWIFT_EMIT_LOC_STRINGS = YES;
				SWIFT_VERSION = 5.0;
				TARGETED_DEVICE_FAMILY = "1,2";
			};
			name = Debug;
		};
		8F0A3C5D1B2E4F7A90D3E6CE /* Release */ = {
			isa = XCBuildConfiguration;
			buildSettings = {
				ASSETCATALOG_COMPILER_APPICON_NAME = AppIcon;
				ASSETCATALOG_COMPILER_GLOBAL_ACCENT_COLOR_NAME = AccentColor;
				CODE_SIGN_ENTITLEMENTS = Loci.entitlements;
				CODE_SIGN_STYLE = Automatic;
				CURRENT_PROJECT_VERSION = 1;
				DEVELOPMENT_TEAM = "";
				ENABLE_PREVIEWS = YES;
				GENERATE_INFOPLIST_FILE = YES;
				INFOPLIST_FILE = Info.plist;
				INFOPLIST_KEY_CFBundleDisplayName = Loci;
				INFOPLIST_KEY_LSApplicationCategoryType = "public.app-category.lifestyle";
				INFOPLIST_KEY_UIApplicationSceneManifest_Generation = YES;
				INFOPLIST_KEY_UIApplicationSupportsIndirectInputEvents = YES;
				INFOPLIST_KEY_UILaunchScreen_Generation = YES;
				INFOPLIST_KEY_UISupportedInterfaceOrientations_iPad = "UIInterfaceOrientationPortrait UIInterfaceOrientationPortraitUpsideDown UIInterfaceOrientationLandscapeLeft UIInterfaceOrientationLandscapeRight";
				INFOPLIST_KEY_UISupportedInterfaceOrientations_iPhone = "UIInterfaceOrientationPortrait UIInterfaceOrientationLandscapeLeft UIInterfaceOrientationLandscapeRight";
				LD_RUNPATH_SEARCH_PATHS = (
					"$(inherited)",
					"@executable_path/Frameworks",
				);
				MARKETING_VERSION = 1.0;
				PRODUCT_BUNDLE_IDENTIFIER = com.pearsonmedia.loci;
				PRODUCT_NAME = "$(TARGET_NAME)";
				SUPPORTED_PLATFORMS = "iphoneos iphonesimulator";
				SUPPORTS_MACCATALYST = NO;
				SWIFT_EMIT_LOC_STRINGS = YES;
				SWIFT_VERSION = 5.0;
				TARGETED_DEVICE_FAMILY = "1,2";
			};
			name = Release;
		};
/* End XCBuildConfiguration section */

/* Begin XCConfigurationList section */
		8F0A3C5D1B2E4F7A90D3E6C9 /* Build configuration list for PBXProject "Loci" */ = {
			isa = XCConfigurationList;
			buildConfigurations = (
				8F0A3C5D1B2E4F7A90D3E6CB /* Debug */,
				8F0A3C5D1B2E4F7A90D3E6CC /* Release */,
			);
			defaultConfigurationIsVisible = 0;
			defaultConfigurationName = Release;
		};
		8F0A3C5D1B2E4F7A90D3E6CA /* Build configuration list for PBXNativeTarget "Loci" */ = {
			isa = XCConfigurationList;
			buildConfigurations = (
				8F0A3C5D1B2E4F7A90D3E6CD /* Debug */,
				8F0A3C5D1B2E4F7A90D3E6CE /* Release */,
			);
			defaultConfigurationIsVisible = 0;
			defaultConfigurationName = Release;
		};
/* End XCConfigurationList section */
	};
	rootObject = 8F0A3C5D1B2E4F7A90D3E6C1 /* Project object */;
}
